PODS:
  - boost (1.76.0)
  - BVLinearGradient (2.6.2):
    - React-Core
  - CocoaAsyncSocket (7.6.5)
  - DoubleConversion (1.1.6)
  - EXApplication (4.2.2):
    - ExpoModulesCore
  - EXAV (12.0.4):
    - ExpoModulesCore
    - React-runtimeexecutor
    - ReactCommon
  - EXBarCodeScanner (11.4.0):
    - EXImageLoader
    - ExpoModulesCore
    - ZXingObjC/OneD
    - ZXingObjC/PDF417
  - EXBlur (11.2.0):
    - ExpoModulesCore
  - EXCamera (12.3.0):
    - ExpoModulesCore
  - EXConstants (13.2.4):
    - ExpoModulesCore
  - EXDevice (4.3.0):
    - ExpoModulesCore
  - EXFileSystem (14.1.0):
    - ExpoModulesCore
  - EXFont (10.2.0):
    - ExpoModulesCore
  - EXImageLoader (3.2.0):
    - ExpoModulesCore
    - React-Core
  - EXLocalAuthentication (12.3.0):
    - ExpoModulesCore
  - EXPermissions (13.2.0):
    - ExpoModulesCore
  - Expo (46.0.10):
    - ExpoModulesCore
  - ExpoKeepAwake (10.2.0):
    - ExpoModulesCore
  - ExpoLinearGradient (11.4.0):
    - ExpoModulesCore
  - ExpoModulesCore (0.11.5):
    - React-Core
    - ReactCommon/turbomodule/core
  - EXSharing (10.3.0):
    - ExpoModulesCore
  - FBLazyVector (0.69.4)
  - FBReactNativeSpec (0.69.4):
    - RCT-Folly (= 2021.06.28.00-v2)
    - RCTRequired (= 0.69.4)
    - RCTTypeSafety (= 0.69.4)
    - React-Core (= 0.69.4)
    - React-jsi (= 0.69.4)
    - ReactCommon/turbomodule/core (= 0.69.4)
  - Firebase/CoreOnly (9.5.0):
    - FirebaseCore (= 9.5.0)
  - Firebase/Messaging (9.5.0):
    - Firebase/CoreOnly
    - FirebaseMessaging (~> 9.5.0)
  - FirebaseCore (9.5.0):
    - FirebaseCoreDiagnostics (~> 9.0)
    - FirebaseCoreInternal (~> 9.0)
    - GoogleUtilities/Environment (~> 7.7)
    - GoogleUtilities/Logger (~> 7.7)
  - FirebaseCoreDiagnostics (9.5.0):
    - GoogleDataTransport (< 10.0.0, >= 9.1.4)
    - GoogleUtilities/Environment (~> 7.7)
    - GoogleUtilities/Logger (~> 7.7)
    - nanopb (< 2.30910.0, >= 2.30908.0)
  - FirebaseCoreExtension (9.5.0):
    - FirebaseCore (~> 9.0)
  - FirebaseCoreInternal (9.5.0):
    - "GoogleUtilities/NSData+zlib (~> 7.7)"
  - FirebaseInstallations (9.5.0):
    - FirebaseCore (~> 9.0)
    - GoogleUtilities/Environment (~> 7.7)
    - GoogleUtilities/UserDefaults (~> 7.7)
    - PromisesObjC (~> 2.1)
  - FirebaseMessaging (9.5.0):
    - FirebaseCore (~> 9.0)
    - FirebaseInstallations (~> 9.0)
    - GoogleDataTransport (< 10.0.0, >= 9.1.4)
    - GoogleUtilities/AppDelegateSwizzler (~> 7.7)
    - GoogleUtilities/Environment (~> 7.7)
    - GoogleUtilities/Reachability (~> 7.7)
    - GoogleUtilities/UserDefaults (~> 7.7)
    - nanopb (< 2.30910.0, >= 2.30908.0)
  - fmt (6.2.1)
  - glog (0.3.5)
  - GoogleDataTransport (9.2.0):
    - GoogleUtilities/Environment (~> 7.7)
    - nanopb (< 2.30910.0, >= 2.30908.0)
    - PromisesObjC (< 3.0, >= 1.2)
  - GoogleUtilities (7.7.0):
    - GoogleUtilities/AppDelegateSwizzler (= 7.7.0)
    - GoogleUtilities/Environment (= 7.7.0)
    - GoogleUtilities/ISASwizzler (= 7.7.0)
    - GoogleUtilities/Logger (= 7.7.0)
    - GoogleUtilities/MethodSwizzler (= 7.7.0)
    - GoogleUtilities/Network (= 7.7.0)
    - "GoogleUtilities/NSData+zlib (= 7.7.0)"
    - GoogleUtilities/Reachability (= 7.7.0)
    - GoogleUtilities/SwizzlerTestHelpers (= 7.7.0)
    - GoogleUtilities/UserDefaults (= 7.7.0)
  - GoogleUtilities/AppDelegateSwizzler (7.7.0):
    - GoogleUtilities/Environment
    - GoogleUtilities/Logger
    - GoogleUtilities/Network
  - GoogleUtilities/Environment (7.7.0):
    - PromisesObjC (< 3.0, >= 1.2)
  - GoogleUtilities/ISASwizzler (7.7.0)
  - GoogleUtilities/Logger (7.7.0):
    - GoogleUtilities/Environment
  - GoogleUtilities/MethodSwizzler (7.7.0):
    - GoogleUtilities/Logger
  - GoogleUtilities/Network (7.7.0):
    - GoogleUtilities/Logger
    - "GoogleUtilities/NSData+zlib"
    - GoogleUtilities/Reachability
  - "GoogleUtilities/NSData+zlib (7.7.0)"
  - GoogleUtilities/Reachability (7.7.0):
    - GoogleUtilities/Logger
  - GoogleUtilities/SwizzlerTestHelpers (7.7.0):
    - GoogleUtilities/MethodSwizzler
  - GoogleUtilities/UserDefaults (7.7.0):
    - GoogleUtilities/Logger
  - nanopb (2.30909.0):
    - nanopb/decode (= 2.30909.0)
    - nanopb/encode (= 2.30909.0)
  - nanopb/decode (2.30909.0)
  - nanopb/encode (2.30909.0)
  - PromisesObjC (2.1.1)
  - PromisesSwift (2.1.1):
    - PromisesObjC (= 2.1.1)
  - RCT-Folly (2021.06.28.00-v2):
    - boost
    - DoubleConversion
    - fmt (~> 6.2.1)
    - glog
    - RCT-Folly/Default (= 2021.06.28.00-v2)
  - RCT-Folly/Default (2021.06.28.00-v2):
    - boost
    - DoubleConversion
    - fmt (~> 6.2.1)
    - glog
  - RCTRequired (0.69.4)
  - RCTTypeSafety (0.69.4):
    - FBLazyVector (= 0.69.4)
    - RCTRequired (= 0.69.4)
    - React-Core (= 0.69.4)
  - RCTYouTube (2.0.2):
    - React
    - YoutubePlayer-in-WKWebView (~> 0.3.1)
  - React (0.69.4):
    - React-Core (= 0.69.4)
    - React-Core/DevSupport (= 0.69.4)
    - React-Core/RCTWebSocket (= 0.69.4)
    - React-RCTActionSheet (= 0.69.4)
    - React-RCTAnimation (= 0.69.4)
    - React-RCTBlob (= 0.69.4)
    - React-RCTImage (= 0.69.4)
    - React-RCTLinking (= 0.69.4)
    - React-RCTNetwork (= 0.69.4)
    - React-RCTSettings (= 0.69.4)
    - React-RCTText (= 0.69.4)
    - React-RCTVibration (= 0.69.4)
  - React-bridging (0.69.4):
    - RCT-Folly (= 2021.06.28.00-v2)
    - React-jsi (= 0.69.4)
  - React-callinvoker (0.69.4)
  - React-Codegen (0.69.4):
    - FBReactNativeSpec (= 0.69.4)
    - RCT-Folly (= 2021.06.28.00-v2)
    - RCTRequired (= 0.69.4)
    - RCTTypeSafety (= 0.69.4)
    - React-Core (= 0.69.4)
    - React-jsi (= 0.69.4)
    - React-jsiexecutor (= 0.69.4)
    - ReactCommon/turbomodule/core (= 0.69.4)
  - React-Core (0.69.4):
    - glog
    - RCT-Folly (= 2021.06.28.00-v2)
    - React-Core/Default (= 0.69.4)
    - React-cxxreact (= 0.69.4)
    - React-jsi (= 0.69.4)
    - React-jsiexecutor (= 0.69.4)
    - React-perflogger (= 0.69.4)
    - Yoga
  - React-Core/CoreModulesHeaders (0.69.4):
    - glog
    - RCT-Folly (= 2021.06.28.00-v2)
    - React-Core/Default
    - React-cxxreact (= 0.69.4)
    - React-jsi (= 0.69.4)
    - React-jsiexecutor (= 0.69.4)
    - React-perflogger (= 0.69.4)
    - Yoga
  - React-Core/Default (0.69.4):
    - glog
    - RCT-Folly (= 2021.06.28.00-v2)
    - React-cxxreact (= 0.69.4)
    - React-jsi (= 0.69.4)
    - React-jsiexecutor (= 0.69.4)
    - React-perflogger (= 0.69.4)
    - Yoga
  - React-Core/DevSupport (0.69.4):
    - glog
    - RCT-Folly (= 2021.06.28.00-v2)
    - React-Core/Default (= 0.69.4)
    - React-Core/RCTWebSocket (= 0.69.4)
    - React-cxxreact (= 0.69.4)
    - React-jsi (= 0.69.4)
    - React-jsiexecutor (= 0.69.4)
    - React-jsinspector (= 0.69.4)
    - React-perflogger (= 0.69.4)
    - Yoga
  - React-Core/RCTActionSheetHeaders (0.69.4):
    - glog
    - RCT-Folly (= 2021.06.28.00-v2)
    - React-Core/Default
    - React-cxxreact (= 0.69.4)
    - React-jsi (= 0.69.4)
    - React-jsiexecutor (= 0.69.4)
    - React-perflogger (= 0.69.4)
    - Yoga
  - React-Core/RCTAnimationHeaders (0.69.4):
    - glog
    - RCT-Folly (= 2021.06.28.00-v2)
    - React-Core/Default
    - React-cxxreact (= 0.69.4)
    - React-jsi (= 0.69.4)
    - React-jsiexecutor (= 0.69.4)
    - React-perflogger (= 0.69.4)
    - Yoga
  - React-Core/RCTBlobHeaders (0.69.4):
    - glog
    - RCT-Folly (= 2021.06.28.00-v2)
    - React-Core/Default
    - React-cxxreact (= 0.69.4)
    - React-jsi (= 0.69.4)
    - React-jsiexecutor (= 0.69.4)
    - React-perflogger (= 0.69.4)
    - Yoga
  - React-Core/RCTImageHeaders (0.69.4):
    - glog
    - RCT-Folly (= 2021.06.28.00-v2)
    - React-Core/Default
    - React-cxxreact (= 0.69.4)
    - React-jsi (= 0.69.4)
    - React-jsiexecutor (= 0.69.4)
    - React-perflogger (= 0.69.4)
    - Yoga
  - React-Core/RCTLinkingHeaders (0.69.4):
    - glog
    - RCT-Folly (= 2021.06.28.00-v2)
    - React-Core/Default
    - React-cxxreact (= 0.69.4)
    - React-jsi (= 0.69.4)
    - React-jsiexecutor (= 0.69.4)
    - React-perflogger (= 0.69.4)
    - Yoga
  - React-Core/RCTNetworkHeaders (0.69.4):
    - glog
    - RCT-Folly (= 2021.06.28.00-v2)
    - React-Core/Default
    - React-cxxreact (= 0.69.4)
    - React-jsi (= 0.69.4)
    - React-jsiexecutor (= 0.69.4)
    - React-perflogger (= 0.69.4)
    - Yoga
  - React-Core/RCTSettingsHeaders (0.69.4):
    - glog
    - RCT-Folly (= 2021.06.28.00-v2)
    - React-Core/Default
    - React-cxxreact (= 0.69.4)
    - React-jsi (= 0.69.4)
    - React-jsiexecutor (= 0.69.4)
    - React-perflogger (= 0.69.4)
    - Yoga
  - React-Core/RCTTextHeaders (0.69.4):
    - glog
    - RCT-Folly (= 2021.06.28.00-v2)
    - React-Core/Default
    - React-cxxreact (= 0.69.4)
    - React-jsi (= 0.69.4)
    - React-jsiexecutor (= 0.69.4)
    - React-perflogger (= 0.69.4)
    - Yoga
  - React-Core/RCTVibrationHeaders (0.69.4):
    - glog
    - RCT-Folly (= 2021.06.28.00-v2)
    - React-Core/Default
    - React-cxxreact (= 0.69.4)
    - React-jsi (= 0.69.4)
    - React-jsiexecutor (= 0.69.4)
    - React-perflogger (= 0.69.4)
    - Yoga
  - React-Core/RCTWebSocket (0.69.4):
    - glog
    - RCT-Folly (= 2021.06.28.00-v2)
    - React-Core/Default (= 0.69.4)
    - React-cxxreact (= 0.69.4)
    - React-jsi (= 0.69.4)
    - React-jsiexecutor (= 0.69.4)
    - React-perflogger (= 0.69.4)
    - Yoga
  - React-CoreModules (0.69.4):
    - RCT-Folly (= 2021.06.28.00-v2)
    - RCTTypeSafety (= 0.69.4)
    - React-Codegen (= 0.69.4)
    - React-Core/CoreModulesHeaders (= 0.69.4)
    - React-jsi (= 0.69.4)
    - React-RCTImage (= 0.69.4)
    - ReactCommon/turbomodule/core (= 0.69.4)
  - React-cxxreact (0.69.4):
    - boost (= 1.76.0)
    - DoubleConversion
    - glog
    - RCT-Folly (= 2021.06.28.00-v2)
    - React-callinvoker (= 0.69.4)
    - React-jsi (= 0.69.4)
    - React-jsinspector (= 0.69.4)
    - React-logger (= 0.69.4)
    - React-perflogger (= 0.69.4)
    - React-runtimeexecutor (= 0.69.4)
  - React-jsi (0.69.4):
    - boost (= 1.76.0)
    - DoubleConversion
    - glog
    - RCT-Folly (= 2021.06.28.00-v2)
    - React-jsi/Default (= 0.69.4)
  - React-jsi/Default (0.69.4):
    - boost (= 1.76.0)
    - DoubleConversion
    - glog
    - RCT-Folly (= 2021.06.28.00-v2)
  - React-jsiexecutor (0.69.4):
    - DoubleConversion
    - glog
    - RCT-Folly (= 2021.06.28.00-v2)
    - React-cxxreact (= 0.69.4)
    - React-jsi (= 0.69.4)
    - React-perflogger (= 0.69.4)
  - React-jsinspector (0.69.4)
  - React-logger (0.69.4):
    - glog
  - react-native-hash (3.0.1):
    - React
  - react-native-randombytes (3.6.1):
    - React-Core
  - react-native-safe-area-context (4.3.4):
    - RCT-Folly
    - RCTRequired
    - RCTTypeSafety
    - React-Core
    - ReactCommon/turbomodule/core
  - react-native-simple-toast (1.1.4):
    - React-Core
    - Toast (~> 4.0.0)
  - react-native-sqlite-2 (3.6.1):
    - React-Core
  - react-native-udp (4.1.5):
    - CocoaAsyncSocket
    - React-Core
  - react-native-video (6.0.0-alpha.3):
    - React-Core
    - react-native-video/Video (= 6.0.0-alpha.3)
  - react-native-video/Video (6.0.0-alpha.3):
    - PromisesSwift
    - React-Core
  - React-perflogger (0.69.4)
  - React-RCTActionSheet (0.69.4):
    - React-Core/RCTActionSheetHeaders (= 0.69.4)
  - React-RCTAnimation (0.69.4):
    - RCT-Folly (= 2021.06.28.00-v2)
    - RCTTypeSafety (= 0.69.4)
    - React-Codegen (= 0.69.4)
    - React-Core/RCTAnimationHeaders (= 0.69.4)
    - React-jsi (= 0.69.4)
    - ReactCommon/turbomodule/core (= 0.69.4)
  - React-RCTBlob (0.69.4):
    - RCT-Folly (= 2021.06.28.00-v2)
    - React-Codegen (= 0.69.4)
    - React-Core/RCTBlobHeaders (= 0.69.4)
    - React-Core/RCTWebSocket (= 0.69.4)
    - React-jsi (= 0.69.4)
    - React-RCTNetwork (= 0.69.4)
    - ReactCommon/turbomodule/core (= 0.69.4)
  - React-RCTImage (0.69.4):
    - RCT-Folly (= 2021.06.28.00-v2)
    - RCTTypeSafety (= 0.69.4)
    - React-Codegen (= 0.69.4)
    - React-Core/RCTImageHeaders (= 0.69.4)
    - React-jsi (= 0.69.4)
    - React-RCTNetwork (= 0.69.4)
    - ReactCommon/turbomodule/core (= 0.69.4)
  - React-RCTLinking (0.69.4):
    - React-Codegen (= 0.69.4)
    - React-Core/RCTLinkingHeaders (= 0.69.4)
    - React-jsi (= 0.69.4)
    - ReactCommon/turbomodule/core (= 0.69.4)
  - React-RCTNetwork (0.69.4):
    - RCT-Folly (= 2021.06.28.00-v2)
    - RCTTypeSafety (= 0.69.4)
    - React-Codegen (= 0.69.4)
    - React-Core/RCTNetworkHeaders (= 0.69.4)
    - React-jsi (= 0.69.4)
    - ReactCommon/turbomodule/core (= 0.69.4)
  - React-RCTSettings (0.69.4):
    - RCT-Folly (= 2021.06.28.00-v2)
    - RCTTypeSafety (= 0.69.4)
    - React-Codegen (= 0.69.4)
    - React-Core/RCTSettingsHeaders (= 0.69.4)
    - React-jsi (= 0.69.4)
    - ReactCommon/turbomodule/core (= 0.69.4)
  - React-RCTText (0.69.4):
    - React-Core/RCTTextHeaders (= 0.69.4)
  - React-RCTVibration (0.69.4):
    - RCT-Folly (= 2021.06.28.00-v2)
    - React-Codegen (= 0.69.4)
    - React-Core/RCTVibrationHeaders (= 0.69.4)
    - React-jsi (= 0.69.4)
    - ReactCommon/turbomodule/core (= 0.69.4)
  - React-runtimeexecutor (0.69.4):
    - React-jsi (= 0.69.4)
  - ReactCommon (0.69.4):
    - React-logger (= 0.69.4)
    - ReactCommon/react_debug_core (= 0.69.4)
    - ReactCommon/turbomodule (= 0.69.4)
  - ReactCommon/react_debug_core (0.69.4):
    - React-logger (= 0.69.4)
  - ReactCommon/turbomodule (0.69.4):
    - DoubleConversion
    - glog
    - RCT-Folly (= 2021.06.28.00-v2)
    - React-bridging (= 0.69.4)
    - React-callinvoker (= 0.69.4)
    - React-Core (= 0.69.4)
    - React-cxxreact (= 0.69.4)
    - React-jsi (= 0.69.4)
    - React-logger (= 0.69.4)
    - React-perflogger (= 0.69.4)
    - ReactCommon/turbomodule/core (= 0.69.4)
    - ReactCommon/turbomodule/samples (= 0.69.4)
  - ReactCommon/turbomodule/core (0.69.4):
    - DoubleConversion
    - glog
    - RCT-Folly (= 2021.06.28.00-v2)
    - React-bridging (= 0.69.4)
    - React-callinvoker (= 0.69.4)
    - React-Core (= 0.69.4)
    - React-cxxreact (= 0.69.4)
    - React-jsi (= 0.69.4)
    - React-logger (= 0.69.4)
    - React-perflogger (= 0.69.4)
  - ReactCommon/turbomodule/samples (0.69.4):
    - DoubleConversion
    - glog
    - RCT-Folly (= 2021.06.28.00-v2)
    - React-bridging (= 0.69.4)
    - React-callinvoker (= 0.69.4)
    - React-Core (= 0.69.4)
    - React-cxxreact (= 0.69.4)
    - React-jsi (= 0.69.4)
    - React-logger (= 0.69.4)
    - React-perflogger (= 0.69.4)
    - ReactCommon/turbomodule/core (= 0.69.4)
  - RNCAsyncStorage (1.17.10):
    - React-Core
  - RNCMaskedView (0.1.11):
    - React
  - RNFBApp (15.4.0):
    - Firebase/CoreOnly (= 9.5.0)
    - React-Core
  - RNFBMessaging (15.4.0):
    - Firebase/Messaging (= 9.5.0)
    - FirebaseCoreExtension (= 9.5.0)
    - React-Core
    - RNFBApp
  - RNGestureHandler (2.6.1):
    - React-Core
  - RNKeychain (8.1.1):
    - React-Core
  - RNNotifee (5.7.0):
    - React-Core
    - RNNotifee/NotifeeCore (= 5.7.0)
  - RNNotifee/NotifeeCore (5.7.0):
    - React-Core
  - RNOS (1.2.6):
    - React
  - RNScreens (3.17.0):
    - React-Core
    - React-RCTImage
  - RNSVG (9.6.4):
    - React
  - TcpSockets (3.3.2):
    - React
  - Toast (4.0.0)
  - Yoga (1.14.0)
  - YoutubePlayer-in-WKWebView (0.3.8)
  - ZXingObjC/Core (3.6.5)
  - ZXingObjC/OneD (3.6.5):
    - ZXingObjC/Core
  - ZXingObjC/PDF417 (3.6.5):
    - ZXingObjC/Core

DEPENDENCIES:
  - boost (from `../node_modules/react-native/third-party-podspecs/boost.podspec`)
  - BVLinearGradient (from `../node_modules/react-native-linear-gradient`)
  - DoubleConversion (from `../node_modules/react-native/third-party-podspecs/DoubleConversion.podspec`)
  - EXApplication (from `../node_modules/expo-application/ios`)
  - EXAV (from `../node_modules/expo-av/ios`)
  - EXBarCodeScanner (from `../node_modules/expo-barcode-scanner/ios`)
  - EXBlur (from `../node_modules/expo-blur/ios`)
  - EXCamera (from `../node_modules/expo-camera/ios`)
  - EXConstants (from `../node_modules/expo-constants/ios`)
  - EXDevice (from `../node_modules/expo-device/ios`)
  - EXFileSystem (from `../node_modules/expo-file-system/ios`)
  - EXFont (from `../node_modules/expo-font/ios`)
  - EXImageLoader (from `../node_modules/expo-image-loader/ios`)
  - EXLocalAuthentication (from `../node_modules/expo-local-authentication/ios`)
  - EXPermissions (from `../node_modules/expo-permissions/ios`)
  - Expo (from `../node_modules/expo`)
  - ExpoKeepAwake (from `../node_modules/expo-keep-awake/ios`)
  - ExpoLinearGradient (from `../node_modules/expo-linear-gradient/ios`)
  - ExpoModulesCore (from `../node_modules/expo-modules-core/ios`)
  - EXSharing (from `../node_modules/expo-sharing/ios`)
  - FBLazyVector (from `../node_modules/react-native/Libraries/FBLazyVector`)
  - FBReactNativeSpec (from `../node_modules/react-native/React/FBReactNativeSpec`)
  - glog (from `../node_modules/react-native/third-party-podspecs/glog.podspec`)
  - GoogleUtilities
  - RCT-Folly (from `../node_modules/react-native/third-party-podspecs/RCT-Folly.podspec`)
  - RCTRequired (from `../node_modules/react-native/Libraries/RCTRequired`)
  - RCTTypeSafety (from `../node_modules/react-native/Libraries/TypeSafety`)
  - RCTYouTube (from `../node_modules/react-native-youtube`)
  - React (from `../node_modules/react-native/`)
  - React-bridging (from `../node_modules/react-native/ReactCommon`)
  - React-callinvoker (from `../node_modules/react-native/ReactCommon/callinvoker`)
  - React-Codegen (from `build/generated/ios`)
  - React-Core (from `../node_modules/react-native/`)
  - React-Core/RCTWebSocket (from `../node_modules/react-native/`)
  - React-CoreModules (from `../node_modules/react-native/React/CoreModules`)
  - React-cxxreact (from `../node_modules/react-native/ReactCommon/cxxreact`)
  - React-jsi (from `../node_modules/react-native/ReactCommon/jsi`)
  - React-jsiexecutor (from `../node_modules/react-native/ReactCommon/jsiexecutor`)
  - React-jsinspector (from `../node_modules/react-native/ReactCommon/jsinspector`)
  - React-logger (from `../node_modules/react-native/ReactCommon/logger`)
  - react-native-hash (from `../node_modules/react-native-hash`)
  - react-native-randombytes (from `../node_modules/react-native-randombytes`)
  - react-native-safe-area-context (from `../node_modules/react-native-safe-area-context`)
  - react-native-simple-toast (from `../node_modules/react-native-simple-toast`)
  - react-native-sqlite-2 (from `../node_modules/react-native-sqlite-2`)
  - react-native-udp (from `../node_modules/react-native-udp`)
  - react-native-video (from `../node_modules/react-native-video`)
  - React-perflogger (from `../node_modules/react-native/ReactCommon/reactperflogger`)
  - React-RCTActionSheet (from `../node_modules/react-native/Libraries/ActionSheetIOS`)
  - React-RCTAnimation (from `../node_modules/react-native/Libraries/NativeAnimation`)
  - React-RCTBlob (from `../node_modules/react-native/Libraries/Blob`)
  - React-RCTImage (from `../node_modules/react-native/Libraries/Image`)
  - React-RCTLinking (from `../node_modules/react-native/Libraries/LinkingIOS`)
  - React-RCTNetwork (from `../node_modules/react-native/Libraries/Network`)
  - React-RCTSettings (from `../node_modules/react-native/Libraries/Settings`)
  - React-RCTText (from `../node_modules/react-native/Libraries/Text`)
  - React-RCTVibration (from `../node_modules/react-native/Libraries/Vibration`)
  - React-runtimeexecutor (from `../node_modules/react-native/ReactCommon/runtimeexecutor`)
  - ReactCommon/turbomodule/core (from `../node_modules/react-native/ReactCommon`)
  - "RNCAsyncStorage (from `../node_modules/@react-native-async-storage/async-storage`)"
  - "RNCMaskedView (from `../node_modules/@react-native-community/masked-view`)"
  - "RNFBApp (from `../node_modules/@react-native-firebase/app`)"
  - "RNFBMessaging (from `../node_modules/@react-native-firebase/messaging`)"
  - RNGestureHandler (from `../node_modules/react-native-gesture-handler`)
  - RNKeychain (from `../node_modules/react-native-keychain`)
  - "RNNotifee (from `../node_modules/@notifee/react-native`)"
  - RNOS (from `../node_modules/react-native-os`)
  - RNScreens (from `../node_modules/react-native-screens`)
  - RNSVG (from `../node_modules/react-native-svg`)
  - TcpSockets (from `../node_modules/react-native-tcp`)
  - Yoga (from `../node_modules/react-native/ReactCommon/yoga`)

SPEC REPOS:
  trunk:
    - CocoaAsyncSocket
    - Firebase
    - FirebaseCore
    - FirebaseCoreDiagnostics
    - FirebaseCoreExtension
    - FirebaseCoreInternal
    - FirebaseInstallations
    - FirebaseMessaging
    - fmt
    - GoogleDataTransport
    - GoogleUtilities
    - nanopb
    - PromisesObjC
    - PromisesSwift
    - Toast
    - YoutubePlayer-in-WKWebView
    - ZXingObjC

EXTERNAL SOURCES:
  boost:
    :podspec: "../node_modules/react-native/third-party-podspecs/boost.podspec"
  BVLinearGradient:
    :path: "../node_modules/react-native-linear-gradient"
  DoubleConversion:
    :podspec: "../node_modules/react-native/third-party-podspecs/DoubleConversion.podspec"
  EXApplication:
    :path: "../node_modules/expo-application/ios"
  EXAV:
    :path: "../node_modules/expo-av/ios"
  EXBarCodeScanner:
    :path: "../node_modules/expo-barcode-scanner/ios"
  EXBlur:
    :path: "../node_modules/expo-blur/ios"
  EXCamera:
    :path: "../node_modules/expo-camera/ios"
  EXConstants:
    :path: "../node_modules/expo-constants/ios"
  EXDevice:
    :path: "../node_modules/expo-device/ios"
  EXFileSystem:
    :path: "../node_modules/expo-file-system/ios"
  EXFont:
    :path: "../node_modules/expo-font/ios"
  EXImageLoader:
    :path: "../node_modules/expo-image-loader/ios"
  EXLocalAuthentication:
    :path: "../node_modules/expo-local-authentication/ios"
  EXPermissions:
    :path: "../node_modules/expo-permissions/ios"
  Expo:
    :path: "../node_modules/expo"
  ExpoKeepAwake:
    :path: "../node_modules/expo-keep-awake/ios"
  ExpoLinearGradient:
    :path: "../node_modules/expo-linear-gradient/ios"
  ExpoModulesCore:
    :path: "../node_modules/expo-modules-core/ios"
  EXSharing:
    :path: "../node_modules/expo-sharing/ios"
  FBLazyVector:
    :path: "../node_modules/react-native/Libraries/FBLazyVector"
  FBReactNativeSpec:
    :path: "../node_modules/react-native/React/FBReactNativeSpec"
  glog:
    :podspec: "../node_modules/react-native/third-party-podspecs/glog.podspec"
  RCT-Folly:
    :podspec: "../node_modules/react-native/third-party-podspecs/RCT-Folly.podspec"
  RCTRequired:
    :path: "../node_modules/react-native/Libraries/RCTRequired"
  RCTTypeSafety:
    :path: "../node_modules/react-native/Libraries/TypeSafety"
  RCTYouTube:
    :path: "../node_modules/react-native-youtube"
  React:
    :path: "../node_modules/react-native/"
  React-bridging:
    :path: "../node_modules/react-native/ReactCommon"
  React-callinvoker:
    :path: "../node_modules/react-native/ReactCommon/callinvoker"
  React-Codegen:
    :path: build/generated/ios
  React-Core:
    :path: "../node_modules/react-native/"
  React-CoreModules:
    :path: "../node_modules/react-native/React/CoreModules"
  React-cxxreact:
    :path: "../node_modules/react-native/ReactCommon/cxxreact"
  React-jsi:
    :path: "../node_modules/react-native/ReactCommon/jsi"
  React-jsiexecutor:
    :path: "../node_modules/react-native/ReactCommon/jsiexecutor"
  React-jsinspector:
    :path: "../node_modules/react-native/ReactCommon/jsinspector"
  React-logger:
    :path: "../node_modules/react-native/ReactCommon/logger"
  react-native-hash:
    :path: "../node_modules/react-native-hash"
  react-native-randombytes:
    :path: "../node_modules/react-native-randombytes"
  react-native-safe-area-context:
    :path: "../node_modules/react-native-safe-area-context"
  react-native-simple-toast:
    :path: "../node_modules/react-native-simple-toast"
  react-native-sqlite-2:
    :path: "../node_modules/react-native-sqlite-2"
  react-native-udp:
    :path: "../node_modules/react-native-udp"
  react-native-video:
    :path: "../node_modules/react-native-video"
  React-perflogger:
    :path: "../node_modules/react-native/ReactCommon/reactperflogger"
  React-RCTActionSheet:
    :path: "../node_modules/react-native/Libraries/ActionSheetIOS"
  React-RCTAnimation:
    :path: "../node_modules/react-native/Libraries/NativeAnimation"
  React-RCTBlob:
    :path: "../node_modules/react-native/Libraries/Blob"
  React-RCTImage:
    :path: "../node_modules/react-native/Libraries/Image"
  React-RCTLinking:
    :path: "../node_modules/react-native/Libraries/LinkingIOS"
  React-RCTNetwork:
    :path: "../node_modules/react-native/Libraries/Network"
  React-RCTSettings:
    :path: "../node_modules/react-native/Libraries/Settings"
  React-RCTText:
    :path: "../node_modules/react-native/Libraries/Text"
  React-RCTVibration:
    :path: "../node_modules/react-native/Libraries/Vibration"
  React-runtimeexecutor:
    :path: "../node_modules/react-native/ReactCommon/runtimeexecutor"
  ReactCommon:
    :path: "../node_modules/react-native/ReactCommon"
  RNCAsyncStorage:
    :path: "../node_modules/@react-native-async-storage/async-storage"
  RNCMaskedView:
    :path: "../node_modules/@react-native-community/masked-view"
  RNFBApp:
    :path: "../node_modules/@react-native-firebase/app"
  RNFBMessaging:
    :path: "../node_modules/@react-native-firebase/messaging"
  RNGestureHandler:
    :path: "../node_modules/react-native-gesture-handler"
  RNKeychain:
    :path: "../node_modules/react-native-keychain"
  RNNotifee:
    :path: "../node_modules/@notifee/react-native"
  RNOS:
    :path: "../node_modules/react-native-os"
  RNScreens:
    :path: "../node_modules/react-native-screens"
  RNSVG:
    :path: "../node_modules/react-native-svg"
  TcpSockets:
    :path: "../node_modules/react-native-tcp"
  Yoga:
    :path: "../node_modules/react-native/ReactCommon/yoga"

SPEC CHECKSUMS:
  boost: a7c83b31436843459a1961bfd74b96033dc77234
  BVLinearGradient: 34a999fda29036898a09c6a6b728b0b4189e1a44
  CocoaAsyncSocket: 065fd1e645c7abab64f7a6a2007a48038fdc6a99
  DoubleConversion: 5805e889d232975c086db112ece9ed034df7a0b2
  EXApplication: e418d737a036e788510f2c4ad6c10a7d54d18586
  EXAV: 596506c9bee54ad52f2f3b625cdaeb9d9f2dd6b7
  EXBarCodeScanner: 8e13bad5d197b4b9a58d16af41f8690875a5f736
  EXBlur: a3556f992ca1cdf117f0e19d6e4775f3406e77c3
  EXCamera: 9f8303a52b2027e007174c2068c2ac76ff41d974
  EXConstants: 7c44785d41d8e959d527d23d29444277a4d1ee73
  EXDevice: 7647ca9b1fd8b269dfd896a7643d659343358054
  EXFileSystem: 927e0a8885aa9c49e50fc38eaba2c2389f2f1019
  EXFont: a5d80bd9b3452b2d5abbce2487da89b0150e6487
  EXImageLoader: b88e053d760f85a82405b1db2de4abf11978fc9f
  EXLocalAuthentication: a714f4e7370c4efba4ed4345a55110f22ac3d85f
  EXPermissions: 3dbb869e7f96a5711314f73d48ddc2f28009a7f6
  Expo: fcdb32274e2ca9c7638d3b21b30fb665c6869219
  ExpoKeepAwake: 0e8f18142e71bbf2c7f6aa66ebed249ba1420320
  ExpoLinearGradient: 1a3af07c6dab3c612967a294836df9ae717431df
  ExpoModulesCore: 5a973701f4400d70254bc836305228731c829010
  EXSharing: 8530ef08cb899328a7c61de7f4836af6208b567b
  FBLazyVector: c71b8c429a8af2aff1013934a7152e9d9d0c937d
  FBReactNativeSpec: cb0df4f0084281b394f76bb9b4d1d9540f35963f
  Firebase: 800f16f07af493d98d017446a315c27af0552f41
  FirebaseCore: 25c0400b670fd1e2f2104349cd3b5dcce8d9418f
  FirebaseCoreDiagnostics: 17cbf4e72b1dbd64bfdc33d4b1f07bce4f16f1d8
  FirebaseCoreExtension: 2904492b693a6871ddbd1088c9d1fe6e54384050
  FirebaseCoreInternal: 50a8e39cae8abf72d5145d07ea34c3244f70862b
  FirebaseInstallations: 41f811b530c41dd90973d0174381cdb3fcb5e839
  FirebaseMessaging: 732623518591384f61c287e3d8f65294beb7ffb3
  fmt: ff9d55029c625d3757ed641535fd4a75fedc7ce9
  glog: 1f3da668190260b06b429bb211bfbee5cd790c28
  GoogleDataTransport: 1c8145da7117bd68bbbed00cf304edb6a24de00f
  GoogleUtilities: e0913149f6b0625b553d70dae12b49fc62914fd1
  nanopb: b552cce312b6c8484180ef47159bc0f65a1f0431
  PromisesObjC: ab77feca74fa2823e7af4249b8326368e61014cb
  PromisesSwift: 99fddfe4a0ec88a56486644c0da106694c92a604
  RCT-Folly: b9d9fe1fc70114b751c076104e52f3b1b5e5a95a
  RCTRequired: bd9d2ab0fda10171fcbcf9ba61a7df4dc15a28f4
  RCTTypeSafety: e44e139bf6ec8042db396201834fc2372f6a21cd
  RCTYouTube: a8bb45705622a6fc9decf64be04128d3658ed411
  React: 482cd1ba23c471be1aed3800180be2427418d7be
  React-bridging: c2ea4fed6fe4ed27c12fd71e88b5d5d3da107fde
  React-callinvoker: d4d1f98163fb5e35545e910415ef6c04796bb188
  React-Codegen: ff35fb9c7f6ec2ed34fb6de2e1099d88dfb25f2f
  React-Core: 4d3443a45b67c71d74d7243ddde9569d1e4f4fad
  React-CoreModules: 70be25399366b5632ab18ecf6fe444a8165a7bea
  React-cxxreact: 822d3794fc0bf206f4691592f90e086dd4f92228
  React-jsi: ffa51cbc9a78cc156cf61f79ed52ecb76dc6013b
  React-jsiexecutor: a27badbbdbc0ff781813370736a2d1c7261181d4
  React-jsinspector: 8a3d3f5dcd23a91e8c80b1bf0e96902cd1dca999
  React-logger: 1088859f145b8f6dd0d3ed051a647ef0e3e80fad
  react-native-hash: 17b3c3896711278eebb9e66e532c2d8e5f3b7c30
  react-native-randombytes: 421f1c7d48c0af8dbcd471b0324393ebf8fe7846
  react-native-safe-area-context: dfe5aa13bee37a0c7e8059d14f72ffc076d120e9
  react-native-simple-toast: 8ee5d23f0b92b935ab7434cdb65159ce12dfb4b7
  react-native-sqlite-2: bbcdc6ea1edd8643f6850ce95a511149fc5ee7d1
  react-native-udp: 8864b1211857e9d8224ae5cbaf8580970fb99de1
  react-native-video: 3b4fa3b67e6d8efcfba6c27231a7a493c28d4f1f
  React-perflogger: cb386fd44c97ec7f8199c04c12b22066b0f2e1e0
  React-RCTActionSheet: f803a85e46cf5b4066c2ac5e122447f918e9c6e5
  React-RCTAnimation: 19c80fa950ccce7f4db76a2a7f2cf79baae07fc7
  React-RCTBlob: f36ab97e2d515c36df14a1571e50056be80413d5
  React-RCTImage: 2c8f0a329a116248e82f8972ffe806e47c6d1cfa
  React-RCTLinking: 670f0223075aff33be3b89714f1da4f5343fc4af
  React-RCTNetwork: 09385b73f4ff1f46bd5d749540fb33f69a7e5908
  React-RCTSettings: 33b12d3ac7a1f2eba069ec7bd1b84345263b3bbe
  React-RCTText: a1a3ea902403bd9ae4cf6f7960551dc1d25711b5
  React-RCTVibration: 9adb4a3cbb598d1bbd46a05256f445e4b8c70603
  React-runtimeexecutor: 61ee22a8cdf8b6bb2a7fb7b4ba2cc763e5285196
  ReactCommon: 8f67bd7e0a6afade0f20718f859dc8c2275f2e83
  RNCAsyncStorage: 0c357f3156fcb16c8589ede67cc036330b6698ca
  RNCMaskedView: 0e1bc4bfa8365eba5fbbb71e07fbdc0555249489
  RNFBApp: a6fca2cd8f392b5efc1f2ab7bd4b3b64a6039abf
  RNFBMessaging: eca46a70527dd469e684250b22d5c927bc4a5ed9
  RNGestureHandler: 28ad20bf02257791f7f137b31beef34b9549f54b
  RNKeychain: ff836453cba46938e0e9e4c22e43d43fa2c90333
  RNNotifee: 5155e0a5e0a97d0c839030d8192783cd63053999
  RNOS: 6f2f9a70895bbbfbdad7196abd952e7b01d45027
  RNScreens: 0df01424e9e0ed7827200d6ed1087ddd06c493f9
  RNSVG: a53a5de0d90ec96a6502cc3a4534dfcc0c130622
  TcpSockets: 14306fb79f9750ea7d2ddd02d8bed182abb01797
  Toast: 91b396c56ee72a5790816f40d3a94dd357abc196
  Yoga: ff994563b2fd98c982ca58e8cd9db2cdaf4dda74
  YoutubePlayer-in-WKWebView: 4fca3b4f6f09940077bfbae7bddb771f2b43aacd
  ZXingObjC: fdbb269f25dd2032da343e06f10224d62f537bdb

PODFILE CHECKSUM: 2d2857db4a337e31712d155ce3fb6e03c2e1b632

COCOAPODS: 1.11.3
